// !$*UTF8*$!
{
	archiveVersion = 1;
	classes = {
	};
	objectVersion = 50;
	objects = {

/* Begin PBXBuildFile section */
		B503BD7221AA603000E1D4F0 /* LikeApi.swift in Sources */ = {isa = PBXBuildFile; fileRef = B503BD7121AA603000E1D4F0 /* LikeApi.swift */; };
		B504116121A653C50052BD51 /* AppDelegate.swift in Sources */ = {isa = PBXBuildFile; fileRef = B504116021A653C50052BD51 /* AppDelegate.swift */; };
		B504116321A653C50052BD51 /* SignInViewController.swift in Sources */ = {isa = PBXBuildFile; fileRef = B504116221A653C50052BD51 /* SignInViewController.swift */; };
		B504116621A653C50052BD51 /* Main.storyboard in Resources */ = {isa = PBXBuildFile; fileRef = B504116421A653C50052BD51 /* Main.storyboard */; };
		B504116821A653C60052BD51 /* Assets.xcassets in Resources */ = {isa = PBXBuildFile; fileRef = B504116721A653C60052BD51 /* Assets.xcassets */; };
		B504117521A663EF0052BD51 /* GoogleService-Info.plist in Resources */ = {isa = PBXBuildFile; fileRef = B504117421A663EF0052BD51 /* GoogleService-Info.plist */; };
		B50617BB21D74FB700FCDEA1 /* ImageCell.swift in Sources */ = {isa = PBXBuildFile; fileRef = B50617BA21D74FB700FCDEA1 /* ImageCell.swift */; };
		B50617BD21D7625900FCDEA1 /* StorageApi.swift in Sources */ = {isa = PBXBuildFile; fileRef = B50617BC21D7625900FCDEA1 /* StorageApi.swift */; };
		B50617BF21D7717100FCDEA1 /* AuthApi.swift in Sources */ = {isa = PBXBuildFile; fileRef = B50617BE21D7717100FCDEA1 /* AuthApi.swift */; };
		B50617C221D7765200FCDEA1 /* CustomAlert .swift in Sources */ = {isa = PBXBuildFile; fileRef = B50617C121D7765200FCDEA1 /* CustomAlert .swift */; };
		B50617C421D77AFD00FCDEA1 /* CacheImage.swift in Sources */ = {isa = PBXBuildFile; fileRef = B50617C321D77AFD00FCDEA1 /* CacheImage.swift */; };
		B51CD3F421A7D7E90058AF96 /* Users.swift in Sources */ = {isa = PBXBuildFile; fileRef = B51CD3F321A7D7E90058AF96 /* Users.swift */; };
		B51F782021D606EC006890EA /* HeaderProfileCollectionReusableView.swift in Sources */ = {isa = PBXBuildFile; fileRef = B51F781F21D606EC006890EA /* HeaderProfileCollectionReusableView.swift */; };
		B51F782221D61E1C006890EA /* MyPostApi.swift in Sources */ = {isa = PBXBuildFile; fileRef = B51F782121D61E1C006890EA /* MyPostApi.swift */; };
		B5283BFE21E1FA2800C0D812 /* Search.swift in Sources */ = {isa = PBXBuildFile; fileRef = B5283BFD21E1FA2800C0D812 /* Search.swift */; };
		B536BD0D21DCA8300026B187 /* FeedApi.swift in Sources */ = {isa = PBXBuildFile; fileRef = B536BD0C21DCA8300026B187 /* FeedApi.swift */; };
		B53ED9B121A66C8900C82C2A /* LaunchScreen.storyboard in Resources */ = {isa = PBXBuildFile; fileRef = B53ED9B021A66C8900C82C2A /* LaunchScreen.storyboard */; };
		B53ED9B821A6701600C82C2A /* Discover.swift in Sources */ = {isa = PBXBuildFile; fileRef = B53ED9B721A6701600C82C2A /* Discover.swift */; };
		B53ED9BA21A6702100C82C2A /* Photos.swift in Sources */ = {isa = PBXBuildFile; fileRef = B53ED9B921A6702100C82C2A /* Photos.swift */; };
		B53ED9BC21A6704800C82C2A /* Notification.swift in Sources */ = {isa = PBXBuildFile; fileRef = B53ED9BB21A6704800C82C2A /* Notification.swift */; };
		B53ED9BE21A6705400C82C2A /* Account.swift in Sources */ = {isa = PBXBuildFile; fileRef = B53ED9BD21A6705400C82C2A /* Account.swift */; };
		B54E4EEB21A99494006CE40B /* PostApi.swift in Sources */ = {isa = PBXBuildFile; fileRef = B54E4EEA21A99494006CE40B /* PostApi.swift */; };
		B54E4EED21A99606006CE40B /* UserApi.swift in Sources */ = {isa = PBXBuildFile; fileRef = B54E4EEC21A99606006CE40B /* UserApi.swift */; };
		B54E4EEF21A99878006CE40B /* CommentApi.swift in Sources */ = {isa = PBXBuildFile; fileRef = B54E4EEE21A99878006CE40B /* CommentApi.swift */; };
		B54E4EF121A99943006CE40B /* Api.swift in Sources */ = {isa = PBXBuildFile; fileRef = B54E4EF021A99943006CE40B /* Api.swift */; };
		B55CC3E821E2DE5E008F8504 /* SearchApi.swift in Sources */ = {isa = PBXBuildFile; fileRef = B55CC3E721E2DE5E008F8504 /* SearchApi.swift */; };
		B57F025221DBB2A40032C293 /* FollowApi.swift in Sources */ = {isa = PBXBuildFile; fileRef = B57F025121DBB2A40032C293 /* FollowApi.swift */; };
		B5A2BA3421DB59DE00EA6E11 /* DisplayAllUser.swift in Sources */ = {isa = PBXBuildFile; fileRef = B5A2BA3321DB59DE00EA6E11 /* DisplayAllUser.swift */; };
		B5A2BA3621DB5A7A00EA6E11 /* UserCell.swift in Sources */ = {isa = PBXBuildFile; fileRef = B5A2BA3521DB5A7A00EA6E11 /* UserCell.swift */; };
		B5A8BB3721A69921009DB605 /* Switchers.storyboard in Resources */ = {isa = PBXBuildFile; fileRef = B5A8BB3621A69921009DB605 /* Switchers.storyboard */; };
		B5A8BB3921A6CDA2009DB605 /* Home.storyboard in Resources */ = {isa = PBXBuildFile; fileRef = B5A8BB3821A6CDA2009DB605 /* Home.storyboard */; };
		B5A8BB3B21A6CDB6009DB605 /* Discover.storyboard in Resources */ = {isa = PBXBuildFile; fileRef = B5A8BB3A21A6CDB6009DB605 /* Discover.storyboard */; };
		B5A8BB3D21A6CDC5009DB605 /* Photos.storyboard in Resources */ = {isa = PBXBuildFile; fileRef = B5A8BB3C21A6CDC5009DB605 /* Photos.storyboard */; };
		B5A8BB3F21A6CDD7009DB605 /* Notification.storyboard in Resources */ = {isa = PBXBuildFile; fileRef = B5A8BB3E21A6CDD7009DB605 /* Notification.storyboard */; };
		B5A8BB4121A6CDFE009DB605 /* Account.storyboard in Resources */ = {isa = PBXBuildFile; fileRef = B5A8BB4021A6CDFE009DB605 /* Account.storyboard */; };
		B5A8BB4621A6DA24009DB605 /* PostCell.swift in Sources */ = {isa = PBXBuildFile; fileRef = B5A8BB4521A6DA24009DB605 /* PostCell.swift */; };
		B5A8BB4821A6E7F1009DB605 /* Posts.swift in Sources */ = {isa = PBXBuildFile; fileRef = B5A8BB4721A6E7F1009DB605 /* Posts.swift */; };
		B5C2175321A7ED660020F9BB /* CommentViewController.swift in Sources */ = {isa = PBXBuildFile; fileRef = B5C2175221A7ED660020F9BB /* CommentViewController.swift */; };
		B5C2175521A7F5E70020F9BB /* CommentCell.swift in Sources */ = {isa = PBXBuildFile; fileRef = B5C2175421A7F5E70020F9BB /* CommentCell.swift */; };
		B5C2175721A7F6020020F9BB /* Comment.swift in Sources */ = {isa = PBXBuildFile; fileRef = B5C2175621A7F6020020F9BB /* Comment.swift */; };
		B5CE6C8921A666CE00132B6F /* Home.swift in Sources */ = {isa = PBXBuildFile; fileRef = B5CE6C8821A666CE00132B6F /* Home.swift */; };
		B5CE6C8B21A666F500132B6F /* SignUpViewController.swift in Sources */ = {isa = PBXBuildFile; fileRef = B5CE6C8A21A666F500132B6F /* SignUpViewController.swift */; };
		FB568A2BBB61ABB826900ECB /* Pods_Instagram_withStoryBoard.framework in Frameworks */ = {isa = PBXBuildFile; fileRef = 09D34CEB08E99C0A70FBAE6A /* Pods_Instagram_withStoryBoard.framework */; };
/* End PBXBuildFile section */

/* Begin PBXFileReference section */
		09D34CEB08E99C0A70FBAE6A /* Pods_Instagram_withStoryBoard.framework */ = {isa = PBXFileReference; explicitFileType = wrapper.framework; includeInIndex = 0; path = Pods_Instagram_withStoryBoard.framework; sourceTree = BUILT_PRODUCTS_DIR; };
		B503BD7121AA603000E1D4F0 /* LikeApi.swift */ = {isa = PBXFileReference; lastKnownFileType = sourcecode.swift; path = LikeApi.swift; sourceTree = "<group>"; };
		B504115D21A653C50052BD51 /* Instagram_withStoryBoard.app */ = {isa = PBXFileReference; explicitFileType = wrapper.application; includeInIndex = 0; path = Instagram_withStoryBoard.app; sourceTree = BUILT_PRODUCTS_DIR; };
		B504116021A653C50052BD51 /* AppDelegate.swift */ = {isa = PBXFileReference; lastKnownFileType = sourcecode.swift; path = AppDelegate.swift; sourceTree = "<group>"; };
		B504116221A653C50052BD51 /* SignInViewController.swift */ = {isa = PBXFileReference; lastKnownFileType = sourcecode.swift; path = SignInViewController.swift; sourceTree = "<group>"; };
		B504116521A653C50052BD51 /* Base */ = {isa = PBXFileReference; lastKnownFileType = file.storyboard; name = Base; path = Base.lproj/Main.storyboard; sourceTree = "<group>"; };
		B504116721A653C60052BD51 /* Assets.xcassets */ = {isa = PBXFileReference; lastKnownFileType = folder.assetcatalog; path = Assets.xcassets; sourceTree = "<group>"; };
		B504116C21A653C60052BD51 /* Info.plist */ = {isa = PBXFileReference; lastKnownFileType = text.plist.xml; path = Info.plist; sourceTree = "<group>"; };
		B504117421A663EF0052BD51 /* GoogleService-Info.plist */ = {isa = PBXFileReference; fileEncoding = 4; lastKnownFileType = text.plist.xml; path = "GoogleService-Info.plist"; sourceTree = "<group>"; };
		B50617BA21D74FB700FCDEA1 /* ImageCell.swift */ = {isa = PBXFileReference; lastKnownFileType = sourcecode.swift; path = ImageCell.swift; sourceTree = "<group>"; };
		B50617BC21D7625900FCDEA1 /* StorageApi.swift */ = {isa = PBXFileReference; lastKnownFileType = sourcecode.swift; path = StorageApi.swift; sourceTree = "<group>"; };
		B50617BE21D7717100FCDEA1 /* AuthApi.swift */ = {isa = PBXFileReference; lastKnownFileType = sourcecode.swift; path = AuthApi.swift; sourceTree = "<group>"; };
		B50617C121D7765200FCDEA1 /* CustomAlert .swift */ = {isa = PBXFileReference; lastKnownFileType = sourcecode.swift; path = "CustomAlert .swift"; sourceTree = "<group>"; };
		B50617C321D77AFD00FCDEA1 /* CacheImage.swift */ = {isa = PBXFileReference; lastKnownFileType = sourcecode.swift; path = CacheImage.swift; sourceTree = "<group>"; };
		B51CD3F321A7D7E90058AF96 /* Users.swift */ = {isa = PBXFileReference; lastKnownFileType = sourcecode.swift; path = Users.swift; sourceTree = "<group>"; };
		B51F781F21D606EC006890EA /* HeaderProfileCollectionReusableView.swift */ = {isa = PBXFileReference; lastKnownFileType = sourcecode.swift; path = HeaderProfileCollectionReusableView.swift; sourceTree = "<group>"; };
		B51F782121D61E1C006890EA /* MyPostApi.swift */ = {isa = PBXFileReference; lastKnownFileType = sourcecode.swift; path = MyPostApi.swift; sourceTree = "<group>"; };
		B5283BFD21E1FA2800C0D812 /* Search.swift */ = {isa = PBXFileReference; lastKnownFileType = sourcecode.swift; path = Search.swift; sourceTree = "<group>"; };
		B536BD0C21DCA8300026B187 /* FeedApi.swift */ = {isa = PBXFileReference; lastKnownFileType = sourcecode.swift; path = FeedApi.swift; sourceTree = "<group>"; };
		B53ED9B021A66C8900C82C2A /* LaunchScreen.storyboard */ = {isa = PBXFileReference; fileEncoding = 4; lastKnownFileType = file.storyboard; path = LaunchScreen.storyboard; sourceTree = "<group>"; };
		B53ED9B721A6701600C82C2A /* Discover.swift */ = {isa = PBXFileReference; lastKnownFileType = sourcecode.swift; path = Discover.swift; sourceTree = "<group>"; };
		B53ED9B921A6702100C82C2A /* Photos.swift */ = {isa = PBXFileReference; lastKnownFileType = sourcecode.swift; path = Photos.swift; sourceTree = "<group>"; };
		B53ED9BB21A6704800C82C2A /* Notification.swift */ = {isa = PBXFileReference; lastKnownFileType = sourcecode.swift; path = Notification.swift; sourceTree = "<group>"; };
		B53ED9BD21A6705400C82C2A /* Account.swift */ = {isa = PBXFileReference; lastKnownFileType = sourcecode.swift; path = Account.swift; sourceTree = "<group>"; };
		B54E4EEA21A99494006CE40B /* PostApi.swift */ = {isa = PBXFileReference; lastKnownFileType = sourcecode.swift; path = PostApi.swift; sourceTree = "<group>"; };
		B54E4EEC21A99606006CE40B /* UserApi.swift */ = {isa = PBXFileReference; lastKnownFileType = sourcecode.swift; path = UserApi.swift; sourceTree = "<group>"; };
		B54E4EEE21A99878006CE40B /* CommentApi.swift */ = {isa = PBXFileReference; lastKnownFileType = sourcecode.swift; path = CommentApi.swift; sourceTree = "<group>"; };
		B54E4EF021A99943006CE40B /* Api.swift */ = {isa = PBXFileReference; lastKnownFileType = sourcecode.swift; path = Api.swift; sourceTree = "<group>"; };
		B55CC3E721E2DE5E008F8504 /* SearchApi.swift */ = {isa = PBXFileReference; lastKnownFileType = sourcecode.swift; path = SearchApi.swift; sourceTree = "<group>"; };
		B57F025121DBB2A40032C293 /* FollowApi.swift */ = {isa = PBXFileReference; lastKnownFileType = sourcecode.swift; path = FollowApi.swift; sourceTree = "<group>"; };
		B5A2BA3321DB59DE00EA6E11 /* DisplayAllUser.swift */ = {isa = PBXFileReference; lastKnownFileType = sourcecode.swift; path = DisplayAllUser.swift; sourceTree = "<group>"; };
		B5A2BA3521DB5A7A00EA6E11 /* UserCell.swift */ = {isa = PBXFileReference; lastKnownFileType = sourcecode.swift; path = UserCell.swift; sourceTree = "<group>"; };
		B5A8BB3621A69921009DB605 /* Switchers.storyboard */ = {isa = PBXFileReference; fileEncoding = 4; lastKnownFileType = file.storyboard; path = Switchers.storyboard; sourceTree = "<group>"; };
		B5A8BB3821A6CDA2009DB605 /* Home.storyboard */ = {isa = PBXFileReference; fileEncoding = 4; lastKnownFileType = file.storyboard; path = Home.storyboard; sourceTree = "<group>"; };
		B5A8BB3A21A6CDB6009DB605 /* Discover.storyboard */ = {isa = PBXFileReference; fileEncoding = 4; lastKnownFileType = file.storyboard; path = Discover.storyboard; sourceTree = "<group>"; };
		B5A8BB3C21A6CDC5009DB605 /* Photos.storyboard */ = {isa = PBXFileReference; fileEncoding = 4; lastKnownFileType = file.storyboard; path = Photos.storyboard; sourceTree = "<group>"; };
		B5A8BB3E21A6CDD7009DB605 /* Notification.storyboard */ = {isa = PBXFileReference; fileEncoding = 4; lastKnownFileType = file.storyboard; path = Notification.storyboard; sourceTree = "<group>"; };
		B5A8BB4021A6CDFE009DB605 /* Account.storyboard */ = {isa = PBXFileReference; fileEncoding = 4; lastKnownFileType = file.storyboard; path = Account.storyboard; sourceTree = "<group>"; };
		B5A8BB4521A6DA24009DB605 /* PostCell.swift */ = {isa = PBXFileReference; lastKnownFileType = sourcecode.swift; path = PostCell.swift; sourceTree = "<group>"; };
		B5A8BB4721A6E7F1009DB605 /* Posts.swift */ = {isa = PBXFileReference; lastKnownFileType = sourcecode.swift; path = Posts.swift; sourceTree = "<group>"; };
		B5C2175221A7ED660020F9BB /* CommentViewController.swift */ = {isa = PBXFileReference; lastKnownFileType = sourcecode.swift; path = CommentViewController.swift; sourceTree = "<group>"; };
		B5C2175421A7F5E70020F9BB /* CommentCell.swift */ = {isa = PBXFileReference; lastKnownFileType = sourcecode.swift; path = CommentCell.swift; sourceTree = "<group>"; };
		B5C2175621A7F6020020F9BB /* Comment.swift */ = {isa = PBXFileReference; lastKnownFileType = sourcecode.swift; path = Comment.swift; sourceTree = "<group>"; };
		B5CE6C8821A666CE00132B6F /* Home.swift */ = {isa = PBXFileReference; lastKnownFileType = sourcecode.swift; path = Home.swift; sourceTree = "<group>"; };
		B5CE6C8A21A666F500132B6F /* SignUpViewController.swift */ = {isa = PBXFileReference; lastKnownFileType = sourcecode.swift; path = SignUpViewController.swift; sourceTree = "<group>"; };
		BBE8E935D01F3A7A17E505CA /* Pods-Instagram_withStoryBoard.release.xcconfig */ = {isa = PBXFileReference; includeInIndex = 1; lastKnownFileType = text.xcconfig; name = "Pods-Instagram_withStoryBoard.release.xcconfig"; path = "Pods/Target Support Files/Pods-Instagram_withStoryBoard/Pods-Instagram_withStoryBoard.release.xcconfig"; sourceTree = "<group>"; };
		EF88E9C485DEF39C18164DFB /* Pods-Instagram_withStoryBoard.debug.xcconfig */ = {isa = PBXFileReference; includeInIndex = 1; lastKnownFileType = text.xcconfig; name = "Pods-Instagram_withStoryBoard.debug.xcconfig"; path = "Pods/Target Support Files/Pods-Instagram_withStoryBoard/Pods-Instagram_withStoryBoard.debug.xcconfig"; sourceTree = "<group>"; };
/* End PBXFileReference section */

/* Begin PBXFrameworksBuildPhase section */
		B504115A21A653C50052BD51 /* Frameworks */ = {
			isa = PBXFrameworksBuildPhase;
			buildActionMask = 2147483647;
			files = (
				FB568A2BBB61ABB826900ECB /* Pods_Instagram_withStoryBoard.framework in Frameworks */,
			);
			runOnlyForDeploymentPostprocessing = 0;
		};
/* End PBXFrameworksBuildPhase section */

/* Begin PBXGroup section */
		37BE39CB5727E463AB40BD7D /* Pods */ = {
			isa = PBXGroup;
			children = (
				EF88E9C485DEF39C18164DFB /* Pods-Instagram_withStoryBoard.debug.xcconfig */,
				BBE8E935D01F3A7A17E505CA /* Pods-Instagram_withStoryBoard.release.xcconfig */,
			);
			name = Pods;
			sourceTree = "<group>";
		};
		B503BD7021AA546400E1D4F0 /* Home */ = {
			isa = PBXGroup;
			children = (
				B5CE6C8821A666CE00132B6F /* Home.swift */,
				B5C2175221A7ED660020F9BB /* CommentViewController.swift */,
			);
			path = Home;
			sourceTree = "<group>";
		};
		B504115421A653C50052BD51 = {
			isa = PBXGroup;
			children = (
				B504115F21A653C50052BD51 /* Instagram_withStoryBoard */,
				B504115E21A653C50052BD51 /* Products */,
				37BE39CB5727E463AB40BD7D /* Pods */,
				E5C23F2D4424EE49F03A6AF6 /* Frameworks */,
			);
			sourceTree = "<group>";
		};
		B504115E21A653C50052BD51 /* Products */ = {
			isa = PBXGroup;
			children = (
				B504115D21A653C50052BD51 /* Instagram_withStoryBoard.app */,
			);
			name = Products;
			sourceTree = "<group>";
		};
		B504115F21A653C50052BD51 /* Instagram_withStoryBoard */ = {
			isa = PBXGroup;
			children = (
				B50617C021D7763300FCDEA1 /* Helper */,
				B54E4EE721A99399006CE40B /* API */,
				B5A8BB4421A6D471009DB605 /* Others */,
				B53ED9B421A66E5700C82C2A /* StoryBoard */,
				B53ED9BF21A6705B00C82C2A /* TabSwitcher */,
				B53ED9C021A6708000C82C2A /* Auth */,
				B5A8BB4221A6D456009DB605 /* Cell */,
				B5A8BB4321A6D461009DB605 /* Model */,
				B504116C21A653C60052BD51 /* Info.plist */,
			);
			path = Instagram_withStoryBoard;
			sourceTree = "<group>";
		};
		B50617C021D7763300FCDEA1 /* Helper */ = {
			isa = PBXGroup;
			children = (
				B50617C121D7765200FCDEA1 /* CustomAlert .swift */,
				B50617C321D77AFD00FCDEA1 /* CacheImage.swift */,
			);
			path = Helper;
			sourceTree = "<group>";
		};
		B5283BFC21E1FA0600C0D812 /* Discover */ = {
			isa = PBXGroup;
			children = (
				B53ED9B721A6701600C82C2A /* Discover.swift */,
				B5283BFD21E1FA2800C0D812 /* Search.swift */,
			);
			path = Discover;
			sourceTree = "<group>";
		};
		B53ED9B421A66E5700C82C2A /* StoryBoard */ = {
			isa = PBXGroup;
			children = (
				B5A8BB3621A69921009DB605 /* Switchers.storyboard */,
				B5A8BB4021A6CDFE009DB605 /* Account.storyboard */,
				B5A8BB3E21A6CDD7009DB605 /* Notification.storyboard */,
				B5A8BB3A21A6CDB6009DB605 /* Discover.storyboard */,
				B5A8BB3C21A6CDC5009DB605 /* Photos.storyboard */,
				B5A8BB3821A6CDA2009DB605 /* Home.storyboard */,
				B504116421A653C50052BD51 /* Main.storyboard */,
			);
			path = StoryBoard;
			sourceTree = "<group>";
		};
		B53ED9BF21A6705B00C82C2A /* TabSwitcher */ = {
			isa = PBXGroup;
			children = (
				B503BD7021AA546400E1D4F0 /* Home */,
				B5283BFC21E1FA0600C0D812 /* Discover */,
				B53ED9B921A6702100C82C2A /* Photos.swift */,
				B53ED9BB21A6704800C82C2A /* Notification.swift */,
				B5A2BA3221DB595000EA6E11 /* Account */,
			);
			path = TabSwitcher;
			sourceTree = "<group>";
		};
		B53ED9C021A6708000C82C2A /* Auth */ = {
			isa = PBXGroup;
			children = (
				B504116221A653C50052BD51 /* SignInViewController.swift */,
				B5CE6C8A21A666F500132B6F /* SignUpViewController.swift */,
			);
			path = Auth;
			sourceTree = "<group>";
		};
		B54E4EE721A99399006CE40B /* API */ = {
			isa = PBXGroup;
			children = (
				B54E4EF021A99943006CE40B /* Api.swift */,
				B54E4EEA21A99494006CE40B /* PostApi.swift */,
				B51F782121D61E1C006890EA /* MyPostApi.swift */,
				B54E4EEC21A99606006CE40B /* UserApi.swift */,
				B503BD7121AA603000E1D4F0 /* LikeApi.swift */,
				B54E4EEE21A99878006CE40B /* CommentApi.swift */,
				B50617BC21D7625900FCDEA1 /* StorageApi.swift */,
				B50617BE21D7717100FCDEA1 /* AuthApi.swift */,
				B57F025121DBB2A40032C293 /* FollowApi.swift */,
				B536BD0C21DCA8300026B187 /* FeedApi.swift */,
				B55CC3E721E2DE5E008F8504 /* SearchApi.swift */,
			);
			path = API;
			sourceTree = "<group>";
		};
		B5A2BA3221DB595000EA6E11 /* Account */ = {
			isa = PBXGroup;
			children = (
				B53ED9BD21A6705400C82C2A /* Account.swift */,
				B5A2BA3321DB59DE00EA6E11 /* DisplayAllUser.swift */,
			);
			path = Account;
			sourceTree = "<group>";
		};
		B5A8BB4221A6D456009DB605 /* Cell */ = {
			isa = PBXGroup;
			children = (
				B5A8BB4521A6DA24009DB605 /* PostCell.swift */,
				B5C2175421A7F5E70020F9BB /* CommentCell.swift */,
				B51F781F21D606EC006890EA /* HeaderProfileCollectionReusableView.swift */,
				B50617BA21D74FB700FCDEA1 /* ImageCell.swift */,
				B5A2BA3521DB5A7A00EA6E11 /* UserCell.swift */,
			);
			path = Cell;
			sourceTree = "<group>";
		};
		B5A8BB4321A6D461009DB605 /* Model */ = {
			isa = PBXGroup;
			children = (
				B5A8BB4721A6E7F1009DB605 /* Posts.swift */,
				B51CD3F321A7D7E90058AF96 /* Users.swift */,
				B5C2175621A7F6020020F9BB /* Comment.swift */,
			);
			path = Model;
			sourceTree = "<group>";
		};
		B5A8BB4421A6D471009DB605 /* Others */ = {
			isa = PBXGroup;
			children = (
				B504116721A653C60052BD51 /* Assets.xcassets */,
				B504116021A653C50052BD51 /* AppDelegate.swift */,
				B504117421A663EF0052BD51 /* GoogleService-Info.plist */,
				B53ED9B021A66C8900C82C2A /* LaunchScreen.storyboard */,
			);
			path = Others;
			sourceTree = "<group>";
		};
		E5C23F2D4424EE49F03A6AF6 /* Frameworks */ = {
			isa = PBXGroup;
			children = (
				09D34CEB08E99C0A70FBAE6A /* Pods_Instagram_withStoryBoard.framework */,
			);
			name = Frameworks;
			sourceTree = "<group>";
		};
/* End PBXGroup section */

/* Begin PBXNativeTarget section */
		B504115C21A653C50052BD51 /* Instagram_withStoryBoard */ = {
			isa = PBXNativeTarget;
			buildConfigurationList = B504116F21A653C60052BD51 /* Build configuration list for PBXNativeTarget "Instagram_withStoryBoard" */;
			buildPhases = (
				453EAC778DD419A00F41E7ED /* [CP] Check Pods Manifest.lock */,
				B504115921A653C50052BD51 /* Sources */,
				B504115A21A653C50052BD51 /* Frameworks */,
				B504115B21A653C50052BD51 /* Resources */,
				2742C76AC02931FCE7D78D66 /* [CP] Embed Pods Frameworks */,
			);
			buildRules = (
			);
			dependencies = (
			);
			name = Instagram_withStoryBoard;
			productName = Instagram_withStoryBoard;
			productReference = B504115D21A653C50052BD51 /* Instagram_withStoryBoard.app */;
			productType = "com.apple.product-type.application";
		};
/* End PBXNativeTarget section */

/* Begin PBXProject section */
		B504115521A653C50052BD51 /* Project object */ = {
			isa = PBXProject;
			attributes = {
				LastSwiftUpdateCheck = 1010;
				LastUpgradeCheck = 1010;
				ORGANIZATIONNAME = "TT Nguyen";
				TargetAttributes = {
					B504115C21A653C50052BD51 = {
						CreatedOnToolsVersion = 10.1;
					};
				};
			};
			buildConfigurationList = B504115821A653C50052BD51 /* Build configuration list for PBXProject "Instagram_withStoryBoard" */;
			compatibilityVersion = "Xcode 9.3";
			developmentRegion = en;
			hasScannedForEncodings = 0;
			knownRegions = (
				en,
				Base,
			);
			mainGroup = B504115421A653C50052BD51;
			productRefGroup = B504115E21A653C50052BD51 /* Products */;
			projectDirPath = "";
			projectRoot = "";
			targets = (
				B504115C21A653C50052BD51 /* Instagram_withStoryBoard */,
			);
		};
/* End PBXProject section */

/* Begin PBXResourcesBuildPhase section */
		B504115B21A653C50052BD51 /* Resources */ = {
			isa = PBXResourcesBuildPhase;
			buildActionMask = 2147483647;
			files = (
				B504117521A663EF0052BD51 /* GoogleService-Info.plist in Resources */,
				B53ED9B121A66C8900C82C2A /* LaunchScreen.storyboard in Resources */,
				B5A8BB4121A6CDFE009DB605 /* Account.storyboard in Resources */,
				B5A8BB3F21A6CDD7009DB605 /* Notification.storyboard in Resources */,
				B504116821A653C60052BD51 /* Assets.xcassets in Resources */,
				B5A8BB3921A6CDA2009DB605 /* Home.storyboard in Resources */,
				B5A8BB3721A69921009DB605 /* Switchers.storyboard in Resources */,
				B5A8BB3D21A6CDC5009DB605 /* Photos.storyboard in Resources */,
				B5A8BB3B21A6CDB6009DB605 /* Discover.storyboard in Resources */,
				B504116621A653C50052BD51 /* Main.storyboard in Resources */,
			);
			runOnlyForDeploymentPostprocessing = 0;
		};
/* End PBXResourcesBuildPhase section */

/* Begin PBXShellScriptBuildPhase section */
		2742C76AC02931FCE7D78D66 /* [CP] Embed Pods Frameworks */ = {
			isa = PBXShellScriptBuildPhase;
			buildActionMask = 2147483647;
			files = (
			);
			inputFileListPaths = (
			);
			inputPaths = (
				"${SRCROOT}/Pods/Target Support Files/Pods-Instagram_withStoryBoard/Pods-Instagram_withStoryBoard-frameworks.sh",
				"${BUILT_PRODUCTS_DIR}/GTMSessionFetcher/GTMSessionFetcher.framework",
				"${BUILT_PRODUCTS_DIR}/GoogleUtilities/GoogleUtilities.framework",
				"${BUILT_PRODUCTS_DIR}/NVActivityIndicatorView/NVActivityIndicatorView.framework",
				"${BUILT_PRODUCTS_DIR}/SDWebImage/SDWebImage.framework",
				"${BUILT_PRODUCTS_DIR}/SVProgressHUD/SVProgressHUD.framework",
				"${BUILT_PRODUCTS_DIR}/leveldb-library/leveldb.framework",
				"${BUILT_PRODUCTS_DIR}/nanopb/nanopb.framework",
			);
			name = "[CP] Embed Pods Frameworks";
			outputFileListPaths = (
			);
			outputPaths = (
				"${TARGET_BUILD_DIR}/${FRAMEWORKS_FOLDER_PATH}/GTMSessionFetcher.framework",
				"${TARGET_BUILD_DIR}/${FRAMEWORKS_FOLDER_PATH}/GoogleUtilities.framework",
				"${TARGET_BUILD_DIR}/${FRAMEWORKS_FOLDER_PATH}/NVActivityIndicatorView.framework",
				"${TARGET_BUILD_DIR}/${FRAMEWORKS_FOLDER_PATH}/SDWebImage.framework",
				"${TARGET_BUILD_DIR}/${FRAMEWORKS_FOLDER_PATH}/SVProgressHUD.framework",
				"${TARGET_BUILD_DIR}/${FRAMEWORKS_FOLDER_PATH}/leveldb.framework",
				"${TARGET_BUILD_DIR}/${FRAMEWORKS_FOLDER_PATH}/nanopb.framework",
			);
			runOnlyForDeploymentPostprocessing = 0;
			shellPath = /bin/sh;
			shellScript = "\"${SRCROOT}/Pods/Target Support Files/Pods-Instagram_withStoryBoard/Pods-Instagram_withStoryBoard-frameworks.sh\"\n";
			showEnvVarsInLog = 0;
		};
		453EAC778DD419A00F41E7ED /* [CP] Check Pods Manifest.lock */ = {
			isa = PBXShellScriptBuildPhase;
			buildActionMask = 2147483647;
			files = (
			);
			inputFileListPaths = (
			);
			inputPaths = (
				"${PODS_PODFILE_DIR_PATH}/Podfile.lock",
				"${PODS_ROOT}/Manifest.lock",
			);
			name = "[CP] Check Pods Manifest.lock";
			outputFileListPaths = (
			);
			outputPaths = (
				"$(DERIVED_FILE_DIR)/Pods-Instagram_withStoryBoard-checkManifestLockResult.txt",
			);
			runOnlyForDeploymentPostprocessing = 0;
			shellPath = /bin/sh;
			shellScript = "diff \"${PODS_PODFILE_DIR_PATH}/Podfile.lock\" \"${PODS_ROOT}/Manifest.lock\" > /dev/null\nif [ $? != 0 ] ; then\n    # print error to STDERR\n    echo \"error: The sandbox is not in sync with the Podfile.lock. Run 'pod install' or update your CocoaPods installation.\" >&2\n    exit 1\nfi\n# This output is used by Xcode 'outputs' to avoid re-running this script phase.\necho \"SUCCESS\" > \"${SCRIPT_OUTPUT_FILE_0}\"\n";
			showEnvVarsInLog = 0;
		};
/* End PBXShellScriptBuildPhase section */

/* Begin PBXSourcesBuildPhase section */
		B504115921A653C50052BD51 /* Sources */ = {
			isa = PBXSourcesBuildPhase;
			buildActionMask = 2147483647;
			files = (
				B53ED9BA21A6702100C82C2A /* Photos.swift in Sources */,
				B51F782021D606EC006890EA /* HeaderProfileCollectionReusableView.swift in Sources */,
				B50617C421D77AFD00FCDEA1 /* CacheImage.swift in Sources */,
				B504116321A653C50052BD51 /* SignInViewController.swift in Sources */,
				B5A2BA3621DB5A7A00EA6E11 /* UserCell.swift in Sources */,
				B50617BD21D7625900FCDEA1 /* StorageApi.swift in Sources */,
				B51F782221D61E1C006890EA /* MyPostApi.swift in Sources */,
				B50617BB21D74FB700FCDEA1 /* ImageCell.swift in Sources */,
				B536BD0D21DCA8300026B187 /* FeedApi.swift in Sources */,
				B54E4EEF21A99878006CE40B /* CommentApi.swift in Sources */,
				B54E4EF121A99943006CE40B /* Api.swift in Sources */,
				B53ED9B821A6701600C82C2A /* Discover.swift in Sources */,
				B5C2175721A7F6020020F9BB /* Comment.swift in Sources */,
				B53ED9BC21A6704800C82C2A /* Notification.swift in Sources */,
				B5CE6C8921A666CE00132B6F /* Home.swift in Sources */,
				B5283BFE21E1FA2800C0D812 /* Search.swift in Sources */,
				B57F025221DBB2A40032C293 /* FollowApi.swift in Sources */,
				B54E4EED21A99606006CE40B /* UserApi.swift in Sources */,
				B5A8BB4621A6DA24009DB605 /* PostCell.swift in Sources */,
				B50617C221D7765200FCDEA1 /* CustomAlert .swift in Sources */,
				B54E4EEB21A99494006CE40B /* PostApi.swift in Sources */,
				B53ED9BE21A6705400C82C2A /* Account.swift in Sources */,
				B5C2175321A7ED660020F9BB /* CommentViewController.swift in Sources */,
				B5CE6C8B21A666F500132B6F /* SignUpViewController.swift in Sources */,
				B5A2BA3421DB59DE00EA6E11 /* DisplayAllUser.swift in Sources */,
				B503BD7221AA603000E1D4F0 /* LikeApi.swift in Sources */,
				B55CC3E821E2DE5E008F8504 /* SearchApi.swift in Sources */,
				B50617BF21D7717100FCDEA1 /* AuthApi.swift in Sources */,
				B5C2175521A7F5E70020F9BB /* CommentCell.swift in Sources */,
				B504116121A653C50052BD51 /* AppDelegate.swift in Sources */,
				B5A8BB4821A6E7F1009DB605 /* Posts.swift in Sources */,
				B51CD3F421A7D7E90058AF96 /* Users.swift in Sources */,
			);
			runOnlyForDeploymentPostprocessing = 0;
		};
/* End PBXSourcesBuildPhase section */

/* Begin PBXVariantGroup section */
		B504116421A653C50052BD51 /* Main.storyboard */ = {
			isa = PBXVariantGroup;
			children = (
				B504116521A653C50052BD51 /* Base */,
			);
			name = Main.storyboard;
			sourceTree = "<group>";
		};
/* End PBXVariantGroup section */

/* Begin XCBuildConfiguration section */
		B504116D21A653C60052BD51 /* Debug */ = {
			isa = XCBuildConfiguration;
			buildSettings = {
				ALWAYS_SEARCH_USER_PATHS = NO;
				CLANG_ANALYZER_NONNULL = YES;
				CLANG_ANALYZER_NUMBER_OBJECT_CONVERSION = YES_AGGRESSIVE;
				CLANG_CXX_LANGUAGE_STANDARD = "gnu++14";
				CLANG_CXX_LIBRARY = "libc++";
				CLANG_ENABLE_MODULES = YES;
				CLANG_ENABLE_OBJC_ARC = YES;
				CLANG_ENABLE_OBJC_WEAK = YES;
				CLANG_WARN_BLOCK_CAPTURE_AUTORELEASING = YES;
				CLANG_WARN_BOOL_CONVERSION = YES;
				CLANG_WARN_COMMA = YES;
				CLANG_WARN_CONSTANT_CONVERSION = YES;
				CLANG_WARN_DEPRECATED_OBJC_IMPLEMENTATIONS = YES;
				CLANG_WARN_DIRECT_OBJC_ISA_USAGE = YES_ERROR;
				CLANG_WARN_DOCUMENTATION_COMMENTS = YES;
				CLANG_WARN_EMPTY_BODY = YES;
				CLANG_WARN_ENUM_CONVERSION = YES;
				CLANG_WARN_INFINITE_RECURSION = YES;
				CLANG_WARN_INT_CONVERSION = YES;
				CLANG_WARN_NON_LITERAL_NULL_CONVERSION = YES;
				CLANG_WARN_OBJC_IMPLICIT_RETAIN_SELF = YES;
				CLANG_WARN_OBJC_LITERAL_CONVERSION = YES;
				CLANG_WARN_OBJC_ROOT_CLASS = YES_ERROR;
				CLANG_WARN_RANGE_LOOP_ANALYSIS = YES;
				CLANG_WARN_STRICT_PROTOTYPES = YES;
				CLANG_WARN_SUSPICIOUS_MOVE = YES;
				CLANG_WARN_UNGUARDED_AVAILABILITY = YES_AGGRESSIVE;
				CLANG_WARN_UNREACHABLE_CODE = YES;
				CLANG_WARN__DUPLICATE_METHOD_MATCH = YES;
				CODE_SIGN_IDENTITY = "iPhone Developer";
				COPY_PHASE_STRIP = NO;
				DEBUG_INFORMATION_FORMAT = dwarf;
				ENABLE_STRICT_OBJC_MSGSEND = YES;
				ENABLE_TESTABILITY = YES;
				GCC_C_LANGUAGE_STANDARD = gnu11;
				GCC_DYNAMIC_NO_PIC = NO;
				GCC_NO_COMMON_BLOCKS = YES;
				GCC_OPTIMIZATION_LEVEL = 0;
				GCC_PREPROCESSOR_DEFINITIONS = (
					"DEBUG=1",
					"$(inherited)",
				);
				GCC_WARN_64_TO_32_BIT_CONVERSION = YES;
				GCC_WARN_ABOUT_RETURN_TYPE = YES_ERROR;
				GCC_WARN_UNDECLARED_SELECTOR = YES;
				GCC_WARN_UNINITIALIZED_AUTOS = YES_AGGRESSIVE;
				GCC_WARN_UNUSED_FUNCTION = YES;
				GCC_WARN_UNUSED_VARIABLE = YES;
				IPHONEOS_DEPLOYMENT_TARGET = 12.1;
				MTL_ENABLE_DEBUG_INFO = INCLUDE_SOURCE;
				MTL_FAST_MATH = YES;
				ONLY_ACTIVE_ARCH = YES;
				SDKROOT = iphoneos;
				SWIFT_ACTIVE_COMPILATION_CONDITIONS = DEBUG;
				SWIFT_OPTIMIZATION_LEVEL = "-Onone";
			};
			name = Debug;
		};
		B504116E21A653C60052BD51 /* Release */ = {
			isa = XCBuildConfiguration;
			buildSettings = {
				ALWAYS_SEARCH_USER_PATHS = NO;
				CLANG_ANALYZER_NONNULL = YES;
				CLANG_ANALYZER_NUMBER_OBJECT_CONVERSION = YES_AGGRESSIVE;
				CLANG_CXX_LANGUAGE_STANDARD = "gnu++14";
				CLANG_CXX_LIBRARY = "libc++";
				CLANG_ENABLE_MODULES = YES;
				CLANG_ENABLE_OBJC_ARC = YES;
				CLANG_ENABLE_OBJC_WEAK = YES;
				CLANG_WARN_BLOCK_CAPTURE_AUTORELEASING = YES;
				CLANG_WARN_BOOL_CONVERSION = YES;
				CLANG_WARN_COMMA = YES;
				CLANG_WARN_CONSTANT_CONVERSION = YES;
				CLANG_WARN_DEPRECATED_OBJC_IMPLEMENTATIONS = YES;
				CLANG_WARN_DIRECT_OBJC_ISA_USAGE = YES_ERROR;
				CLANG_WARN_DOCUMENTATION_COMMENTS = YES;
				CLANG_WARN_EMPTY_BODY = YES;
				CLANG_WARN_ENUM_CONVERSION = YES;
				CLANG_WARN_INFINITE_RECURSION = YES;
				CLANG_WARN_INT_CONVERSION = YES;
				CLANG_WARN_NON_LITERAL_NULL_CONVERSION = YES;
				CLANG_WARN_OBJC_IMPLICIT_RETAIN_SELF = YES;
				CLANG_WARN_OBJC_LITERAL_CONVERSION = YES;
				CLANG_WARN_OBJC_ROOT_CLASS = YES_ERROR;
				CLANG_WARN_RANGE_LOOP_ANALYSIS = YES;
				CLANG_WARN_STRICT_PROTOTYPES = YES;
				CLANG_WARN_SUSPICIOUS_MOVE = YES;
				CLANG_WARN_UNGUARDED_AVAILABILITY = YES_AGGRESSIVE;
				CLANG_WARN_UNREACHABLE_CODE = YES;
				CLANG_WARN__DUPLICATE_METHOD_MATCH = YES;
				CODE_SIGN_IDENTITY = "iPhone Developer";
				COPY_PHASE_STRIP = NO;
				DEBUG_INFORMATION_FORMAT = "dwarf-with-dsym";
				ENABLE_NS_ASSERTIONS = NO;
				ENABLE_STRICT_OBJC_MSGSEND = YES;
				GCC_C_LANGUAGE_STANDARD = gnu11;
				GCC_NO_COMMON_BLOCKS = YES;
				GCC_WARN_64_TO_32_BIT_CONVERSION = YES;
				GCC_WARN_ABOUT_RETURN_TYPE = YES_ERROR;
				GCC_WARN_UNDECLARED_SELECTOR = YES;
				GCC_WARN_UNINITIALIZED_AUTOS = YES_AGGRESSIVE;
				GCC_WARN_UNUSED_FUNCTION = YES;
				GCC_WARN_UNUSED_VARIABLE = YES;
				IPHONEOS_DEPLOYMENT_TARGET = 12.1;
				MTL_ENABLE_DEBUG_INFO = NO;
				MTL_FAST_MATH = YES;
				SDKROOT = iphoneos;
				SWIFT_COMPILATION_MODE = wholemodule;
				SWIFT_OPTIMIZATION_LEVEL = "-O";
				VALIDATE_PRODUCT = YES;
			};
			name = Release;
		};
		B504117021A653C60052BD51 /* Debug */ = {
			isa = XCBuildConfiguration;
			baseConfigurationReference = EF88E9C485DEF39C18164DFB /* Pods-Instagram_withStoryBoard.debug.xcconfig */;
			buildSettings = {
				ASSETCATALOG_COMPILER_APPICON_NAME = AppIcon;
				CODE_SIGN_STYLE = Automatic;
				DEVELOPMENT_TEAM = H4NA3RYS6C;
				INFOPLIST_FILE = Instagram_withStoryBoard/Info.plist;
				IPHONEOS_DEPLOYMENT_TARGET = 12.1;
				LD_RUNPATH_SEARCH_PATHS = (
					"$(inherited)",
					"@executable_path/Frameworks",
				);
				PRODUCT_BUNDLE_IDENTIFIER = "appstore.Instagram-withStoryBoard";
				PRODUCT_NAME = "$(TARGET_NAME)";
				SWIFT_VERSION = 4.2;
				TARGETED_DEVICE_FAMILY = "1,2";
			};
			name = Debug;
		};
		B504117121A653C60052BD51 /* Release */ = {
			isa = XCBuildConfiguration;
			baseConfigurationReference = BBE8E935D01F3A7A17E505CA /* Pods-Instagram_withStoryBoard.release.xcconfig */;
			buildSettings = {
				ASSETCATALOG_COMPILER_APPICON_NAME = AppIcon;
				CODE_SIGN_STYLE = Automatic;
				DEVELOPMENT_TEAM = H4NA3RYS6C;
				INFOPLIST_FILE = Instagram_withStoryBoard/Info.plist;
				IPHONEOS_DEPLOYMENT_TARGET = 12.1;
				LD_RUNPATH_SEARCH_PATHS = (
					"$(inherited)",
					"@executable_path/Frameworks",
				);
				PRODUCT_BUNDLE_IDENTIFIER = "appstore.Instagram-withStoryBoard";
				PRODUCT_NAME = "$(TARGET_NAME)";
				SWIFT_VERSION = 4.2;
				TARGETED_DEVICE_FAMILY = "1,2";
			};
			name = Release;
		};
/* End XCBuildConfiguration section */

/* Begin XCConfigurationList section */
		B504115821A653C50052BD51 /* Build configuration list for PBXProject "Instagram_withStoryBoard" */ = {
			isa = XCConfigurationList;
			buildConfigurations = (
				B504116D21A653C60052BD51 /* Debug */,
				B504116E21A653C60052BD51 /* Release */,
			);
			defaultConfigurationIsVisible = 0;
			defaultConfigurationName = Release;
		};
		B504116F21A653C60052BD51 /* Build configuration list for PBXNativeTarget "Instagram_withStoryBoard" */ = {
			isa = XCConfigurationList;
			buildConfigurations = (
				B504117021A653C60052BD51 /* Debug */,
				B504117121A653C60052BD51 /* Release */,
			);
			defaultConfigurationIsVisible = 0;
			defaultConfigurationName = Release;
		};
/* End XCConfigurationList section */
	};
	rootObject = B504115521A653C50052BD51 /* Project object */;
}
